{
  "name": "date-lib-exercise",
  "version": "1.0.0",
  "lockfileVersion": 2,
  "requires": true,
  "packages": {
    "": {
      "version": "1.0.0",
      "license": "ISC",
      "dependencies": {
        "date-fns": "^2.21.3",
        "date-fns-tz": "^1.1.4"
      }
    },
    "node_modules/date-fns": {
      "version": "2.21.3",
      "resolved": "https://registry.npmjs.org/date-fns/-/date-fns-2.21.3.tgz",
      "integrity": "sha512-HeYdzCaFflc1i4tGbj7JKMjM4cKGYoyxwcIIkHzNgCkX8xXDNJDZXgDDVchIWpN4eQc3lH37WarduXFZJOtxfw==",
      "engines": {
        "node": ">=0.11"
      },
      "funding": {
        "type": "opencollective",
        "url": "https://opencollective.com/date-fns"
      }
    },
    "node_modules/date-fns-tz": {
      "version": "1.1.4",
      "resolved": "https://registry.npmjs.org/date-fns-tz/-/date-fns-tz-1.1.4.tgz",
      "integrity": "sha512-lQ+FF7xUxxRuRqIY7H/lagnT3PhhSnnvtGHzjE5WZKwRyLU7glJfLys05SZ7zHlEr6RXWiqkmgWq4nCkcElR+g==",
      "peerDependencies": {
        "date-fns": ">=2.0.0-alpha.13"
      }
    }
  },
  "dependencies": {
    "date-fns": {
      "version": "2.21.3",
      "resolved": "https://registry.npmjs.org/date-fns/-/date-fns-2.21.3.tgz",
      "integrity": "sha512-HeYdzCaFflc1i4tGbj7JKMjM4cKGYoyxwcIIkHzNgCkX8xXDNJDZXgDDVchIWpN4eQc3lH37WarduXFZJOtxfw=="
    },
    "date-fns-tz": {
      "version": "1.1.4",
      "resolved": "https://registry.npmjs.org/date-fns-tz/-/date-fns-tz-1.1.4.tgz",
      "integrity": "sha512-lQ+FF7xUxxRuRqIY7H/lagnT3PhhSnnvtGHzjE5WZKwRyLU7glJfLys05SZ7zHlEr6RXWiqkmgWq4nCkcElR+g==",
      "requires": {}
    }
  }
}
